
Microsoft Visual Studio Solution File, Format Version 12.00
# Visual Studio Version 16
VisualStudioVersion = 16.0.29102.190
MinimumVisualStudioVersion = 10.0.40219.1
Project("{FAE04EC0-301F-11D3-BF4B-00C04F79EFBC}") = "Abstraction", "Abstraction\Abstraction.csproj", "{9C39D1BB-DA95-46B3-8A9E-BB0D4A73D85C}"
EndProject
Global
	GlobalSection(SolutionConfigurationPlatforms) = preSolution
		Debug|Any CPU = Debug|Any CPU
		Release|Any CPU = Release|Any CPU
	EndGlobalSection
	GlobalSection(ProjectConfigurationPlatforms) = postSolution
		{9C39D1BB-DA95-46B3-8A9E-BB0D4A73D85C}.Debug|Any CPU.ActiveCfg = Debug|Any CPU
		{9C39D1BB-DA95-46B3-8A9E-BB0D4A73D85C}.Debug|Any CPU.Build.0 = Debug|Any CPU
		{9C39D1BB-DA95-46B3-8A9E-BB0D4A73D85C}.Release|Any CPU.ActiveCfg = Release|Any CPU
		{9C39D1BB-DA95-46B3-8A9E-BB0D4A73D85C}.Release|Any CPU.Build.0 = Release|Any CPU
	EndGlobalSection
	GlobalSection(SolutionProperties) = preSolution
		HideSolutionNode = FALSE
	EndGlobalSection
	GlobalSection(ExtensibilityGlobals) = postSolution
		SolutionGuid = {21AC4EE7-9E4F-4A6E-822B-B100F1154413}
	EndGlobalSection
EndGlobal
