
Microsoft Visual Studio Solution File, Format Version 12.00
# Visual Studio Version 16
VisualStudioVersion = 16.0.29102.190
MinimumVisualStudioVersion = 10.0.40219.1
Project("{FAE04EC0-301F-11D3-BF4B-00C04F79EFBC}") = "Lab3", "Lab3\Lab3.csproj", "{F443A66B-F902-4A43-B458-25DDC4FBB3BB}"
EndProject
Global
	GlobalSection(SolutionConfigurationPlatforms) = preSolution
		Debug|Any CPU = Debug|Any CPU
		Release|Any CPU = Release|Any CPU
	EndGlobalSection
	GlobalSection(ProjectConfigurationPlatforms) = postSolution
		{F443A66B-F902-4A43-B458-25DDC4FBB3BB}.Debug|Any CPU.ActiveCfg = Debug|Any CPU
		{F443A66B-F902-4A43-B458-25DDC4FBB3BB}.Debug|Any CPU.Build.0 = Debug|Any CPU
		{F443A66B-F902-4A43-B458-25DDC4FBB3BB}.Release|Any CPU.ActiveCfg = Release|Any CPU
		{F443A66B-F902-4A43-B458-25DDC4FBB3BB}.Release|Any CPU.Build.0 = Release|Any CPU
	EndGlobalSection
	GlobalSection(SolutionProperties) = preSolution
		HideSolutionNode = FALSE
	EndGlobalSection
	GlobalSection(ExtensibilityGlobals) = postSolution
		SolutionGuid = {8D7BF34A-7A9A-4C79-8292-BF1393F5BD0C}
	EndGlobalSection
EndGlobal
