
Microsoft Visual Studio Solution File, Format Version 12.00
# Visual Studio Version 16
VisualStudioVersion = 16.0.29102.190
MinimumVisualStudioVersion = 10.0.40219.1
Project("{FAE04EC0-301F-11D3-BF4B-00C04F79EFBC}") = "TestBuilder", "TestBuilder\TestBuilder.csproj", "{4E34C380-D023-45DF-8EE6-727226E44A1C}"
EndProject
Global
	GlobalSection(SolutionConfigurationPlatforms) = preSolution
		Debug|Any CPU = Debug|Any CPU
		Release|Any CPU = Release|Any CPU
	EndGlobalSection
	GlobalSection(ProjectConfigurationPlatforms) = postSolution
		{4E34C380-D023-45DF-8EE6-727226E44A1C}.Debug|Any CPU.ActiveCfg = Debug|Any CPU
		{4E34C380-D023-45DF-8EE6-727226E44A1C}.Debug|Any CPU.Build.0 = Debug|Any CPU
		{4E34C380-D023-45DF-8EE6-727226E44A1C}.Release|Any CPU.ActiveCfg = Release|Any CPU
		{4E34C380-D023-45DF-8EE6-727226E44A1C}.Release|Any CPU.Build.0 = Release|Any CPU
	EndGlobalSection
	GlobalSection(SolutionProperties) = preSolution
		HideSolutionNode = FALSE
	EndGlobalSection
	GlobalSection(ExtensibilityGlobals) = postSolution
		SolutionGuid = {AD7DC807-D2BB-4FE3-9E82-1EAD44DD936B}
	EndGlobalSection
EndGlobal
